
Microsoft Visual Studio Solution File, Format Version 12.00
# Visual Studio 15
VisualStudioVersion = 15.0.28010.2036
MinimumVisualStudioVersion = 10.0.40219.1
Project("{FAE04EC0-301F-11D3-BF4B-00C04F79EFBC}") = "WPressfords.News.WebApi", "WPressfords.News.WebApi\WPressfords.News.WebApi.csproj", "{4CFCAB75-21E8-415D-9F1F-8A246D00F36C}"
EndProject
Project("{9A19103F-16F7-4668-BE54-9A1E7A4F7556}") = "WPressfords.News.WebApi.Tests", "Tests\WPressfords.News.WebApi.Tests\WPressfords.News.WebApi.Tests.csproj", "{1F7C44DA-C1FD-4890-9CD5-835E786809AE}"
EndProject
Project("{2150E333-8FDC-42A3-9474-1A3956D46DE8}") = "Tests", "Tests", "{E1F56449-F4A6-440C-AEC5-2DF519C01841}"
EndProject
Project("{FAE04EC0-301F-11D3-BF4B-00C04F79EFBC}") = "WPressfords.News.WebApi.Services", "WPressfords.News.WebApi.Services\WPressfords.News.WebApi.Services.csproj", "{223149A9-0E9D-4BE0-A62E-943906E24FF6}"
EndProject
Project("{FAE04EC0-301F-11D3-BF4B-00C04F79EFBC}") = "WPressfords.News.WebApi.Models", "WPressfords.News.WebApi.Models\WPressfords.News.WebApi.Models.csproj", "{86F62301-7BE7-4337-801D-4374A174C1F4}"
EndProject
Project("{FAE04EC0-301F-11D3-BF4B-00C04F79EFBC}") = "WPressfords.News.WebApi.Data", "WPressfords.News.WebApi.Data\WPressfords.News.WebApi.Data.csproj", "{4A6CBDFE-0302-4A6A-9EC0-0C1D06DA19EB}"
EndProject
Global
	GlobalSection(SolutionConfigurationPlatforms) = preSolution
		Debug|Any CPU = Debug|Any CPU
		Release|Any CPU = Release|Any CPU
	EndGlobalSection
	GlobalSection(ProjectConfigurationPlatforms) = postSolution
		{4CFCAB75-21E8-415D-9F1F-8A246D00F36C}.Debug|Any CPU.ActiveCfg = Debug|Any CPU
		{4CFCAB75-21E8-415D-9F1F-8A246D00F36C}.Debug|Any CPU.Build.0 = Debug|Any CPU
		{4CFCAB75-21E8-415D-9F1F-8A246D00F36C}.Release|Any CPU.ActiveCfg = Release|Any CPU
		{4CFCAB75-21E8-415D-9F1F-8A246D00F36C}.Release|Any CPU.Build.0 = Release|Any CPU
		{1F7C44DA-C1FD-4890-9CD5-835E786809AE}.Debug|Any CPU.ActiveCfg = Debug|Any CPU
		{1F7C44DA-C1FD-4890-9CD5-835E786809AE}.Debug|Any CPU.Build.0 = Debug|Any CPU
		{1F7C44DA-C1FD-4890-9CD5-835E786809AE}.Release|Any CPU.ActiveCfg = Release|Any CPU
		{1F7C44DA-C1FD-4890-9CD5-835E786809AE}.Release|Any CPU.Build.0 = Release|Any CPU
		{223149A9-0E9D-4BE0-A62E-943906E24FF6}.Debug|Any CPU.ActiveCfg = Debug|Any CPU
		{223149A9-0E9D-4BE0-A62E-943906E24FF6}.Debug|Any CPU.Build.0 = Debug|Any CPU
		{223149A9-0E9D-4BE0-A62E-943906E24FF6}.Release|Any CPU.ActiveCfg = Release|Any CPU
		{223149A9-0E9D-4BE0-A62E-943906E24FF6}.Release|Any CPU.Build.0 = Release|Any CPU
		{86F62301-7BE7-4337-801D-4374A174C1F4}.Debug|Any CPU.ActiveCfg = Debug|Any CPU
		{86F62301-7BE7-4337-801D-4374A174C1F4}.Debug|Any CPU.Build.0 = Debug|Any CPU
		{86F62301-7BE7-4337-801D-4374A174C1F4}.Release|Any CPU.ActiveCfg = Release|Any CPU
		{86F62301-7BE7-4337-801D-4374A174C1F4}.Release|Any CPU.Build.0 = Release|Any CPU
		{4A6CBDFE-0302-4A6A-9EC0-0C1D06DA19EB}.Debug|Any CPU.ActiveCfg = Debug|Any CPU
		{4A6CBDFE-0302-4A6A-9EC0-0C1D06DA19EB}.Debug|Any CPU.Build.0 = Debug|Any CPU
		{4A6CBDFE-0302-4A6A-9EC0-0C1D06DA19EB}.Release|Any CPU.ActiveCfg = Release|Any CPU
		{4A6CBDFE-0302-4A6A-9EC0-0C1D06DA19EB}.Release|Any CPU.Build.0 = Release|Any CPU
	EndGlobalSection
	GlobalSection(SolutionProperties) = preSolution
		HideSolutionNode = FALSE
	EndGlobalSection
	GlobalSection(NestedProjects) = preSolution
		{1F7C44DA-C1FD-4890-9CD5-835E786809AE} = {E1F56449-F4A6-440C-AEC5-2DF519C01841}
	EndGlobalSection
	GlobalSection(ExtensibilityGlobals) = postSolution
		SolutionGuid = {88579C56-FEDC-4434-8909-4F2624CB4D6F}
	EndGlobalSection
EndGlobal
